PODS:
  - Alamofire (4.9.1)
  - INSPhotoGallery (1.2.8)
  - Realm (4.3.1):
    - Realm/Headers (= 4.3.1)
  - Realm/Headers (4.3.1)
  - RealmSwift (4.3.1):
    - Realm (= 4.3.1)

DEPENDENCIES:
  - Alamofire
  - INSPhotoGallery
  - RealmSwift

SPEC REPOS:
  trunk:
    - Alamofire
    - INSPhotoGallery
    - Realm
    - RealmSwift

SPEC CHECKSUMS:
  Alamofire: 85e8a02c69d6020a0d734f6054870d7ecb75cf18
  INSPhotoGallery: ad317cb9a59c7a5f08550e4155b49622c24dcab3
  Realm: 31dc40934081ef740f60feedc46d88473cbfeb40
  RealmSwift: b5199e9a41f67b99f51acf6874a6166f5fbe93d1

PODFILE CHECKSUM: c113c774907d1c8e4d5f0efc1593e5e45fbbb4f4

COCOAPODS: 1.8.4
